
Microsoft Visual Studio Solution File, Format Version 12.00
# Visual Studio Version 17
VisualStudioVersion = 17.4.33110.190
MinimumVisualStudioVersion = 10.0.40219.1
Project("{9A19103F-16F7-4668-BE54-9A1E7A4F7556}") = "Day01", "Day01\Day01.csproj", "{5E648707-5515-488B-B6D4-1CAA6E24E647}"
EndProject
Project("{9A19103F-16F7-4668-BE54-9A1E7A4F7556}") = "Day02", "Day02\Day02.csproj", "{DCC5AE0B-E971-459F-8C62-C595041A0125}"
EndProject
Project("{9A19103F-16F7-4668-BE54-9A1E7A4F7556}") = "Day03", "Day03\Day03.csproj", "{94CB9721-E82A-48CE-BFF3-2AE921AB13C2}"
EndProject
Project("{9A19103F-16F7-4668-BE54-9A1E7A4F7556}") = "Day04", "Day04\Day04.csproj", "{F29C45AD-6E9A-4CFD-A42B-D7D1C24926AD}"
EndProject
Project("{9A19103F-16F7-4668-BE54-9A1E7A4F7556}") = "Day05", "Day05\Day05.csproj", "{68C4A92B-EA52-42AB-AF85-78282531CE38}"
EndProject
Project("{9A19103F-16F7-4668-BE54-9A1E7A4F7556}") = "Day06", "Day06\Day06.csproj", "{EF5BF62C-6C2D-4FCC-BD3C-0DBC5A42A4AD}"
EndProject
Project("{9A19103F-16F7-4668-BE54-9A1E7A4F7556}") = "Day07", "Day07\Day07.csproj", "{86DEA7D3-E3A7-4742-A58B-BC88CBEC0D6C}"
EndProject
Project("{9A19103F-16F7-4668-BE54-9A1E7A4F7556}") = "Day08", "Day08\Day08.csproj", "{F349B1AD-8C42-4617-96E0-894E97894F89}"
EndProject
Project("{9A19103F-16F7-4668-BE54-9A1E7A4F7556}") = "Day09", "Day09\Day09.csproj", "{33537787-B717-439A-A6AB-99523ECA075F}"
EndProject
Project("{9A19103F-16F7-4668-BE54-9A1E7A4F7556}") = "Day10", "Day10\Day10.csproj", "{DD983B34-D662-44DE-92C3-EC0263C6F963}"
EndProject
Project("{9A19103F-16F7-4668-BE54-9A1E7A4F7556}") = "Day11", "Day11\Day11.csproj", "{B8CAEB7D-0DF9-4E59-85AC-25D362AF093A}"
EndProject
Project("{9A19103F-16F7-4668-BE54-9A1E7A4F7556}") = "Day12", "Day12\Day12.csproj", "{A1158227-F214-42F5-9CC2-429D2FBC72A6}"
EndProject
Project("{9A19103F-16F7-4668-BE54-9A1E7A4F7556}") = "Day13", "Day13\Day13.csproj", "{A1AE3CD4-94A6-4D0D-A7E6-C2477C9B677A}"
EndProject
Project("{9A19103F-16F7-4668-BE54-9A1E7A4F7556}") = "Day14", "Day14\Day14.csproj", "{F14A5C41-FEE1-48A6-8F67-9E42C632002D}"
EndProject
Project("{9A19103F-16F7-4668-BE54-9A1E7A4F7556}") = "Day15", "Day15\Day15.csproj", "{E37B030D-D786-45EE-BFB9-7C636A87747B}"
EndProject
Project("{9A19103F-16F7-4668-BE54-9A1E7A4F7556}") = "Day16", "Day16\Day16.csproj", "{26458630-7289-40CD-8357-11DE7C6337D4}"
EndProject
Project("{9A19103F-16F7-4668-BE54-9A1E7A4F7556}") = "Day17", "Day17\Day17.csproj", "{4C2B4F92-D147-4067-8C09-1A569C15C9A4}"
EndProject
Project("{FAE04EC0-301F-11D3-BF4B-00C04F79EFBC}") = "Day19", "Day19\Day19.csproj", "{7A91ABF7-AC2C-4248-9087-27F472FFEF0E}"
EndProject
Project("{FAE04EC0-301F-11D3-BF4B-00C04F79EFBC}") = "Day20", "Day20\Day20.csproj", "{E8EC2C43-CC40-463C-91C4-88996400B5B7}"
EndProject
Project("{FAE04EC0-301F-11D3-BF4B-00C04F79EFBC}") = "Day21", "Day21\Day21.csproj", "{4AFF56DC-DC5D-4532-9C01-36B792FC53C6}"
EndProject
Global
	GlobalSection(SolutionConfigurationPlatforms) = preSolution
		Debug|Any CPU = Debug|Any CPU
		Release|Any CPU = Release|Any CPU
	EndGlobalSection
	GlobalSection(ProjectConfigurationPlatforms) = postSolution
		{5E648707-5515-488B-B6D4-1CAA6E24E647}.Debug|Any CPU.ActiveCfg = Debug|Any CPU
		{5E648707-5515-488B-B6D4-1CAA6E24E647}.Debug|Any CPU.Build.0 = Debug|Any CPU
		{5E648707-5515-488B-B6D4-1CAA6E24E647}.Release|Any CPU.ActiveCfg = Release|Any CPU
		{5E648707-5515-488B-B6D4-1CAA6E24E647}.Release|Any CPU.Build.0 = Release|Any CPU
		{DCC5AE0B-E971-459F-8C62-C595041A0125}.Debug|Any CPU.ActiveCfg = Debug|Any CPU
		{DCC5AE0B-E971-459F-8C62-C595041A0125}.Debug|Any CPU.Build.0 = Debug|Any CPU
		{DCC5AE0B-E971-459F-8C62-C595041A0125}.Release|Any CPU.ActiveCfg = Release|Any CPU
		{DCC5AE0B-E971-459F-8C62-C595041A0125}.Release|Any CPU.Build.0 = Release|Any CPU
		{94CB9721-E82A-48CE-BFF3-2AE921AB13C2}.Debug|Any CPU.ActiveCfg = Debug|Any CPU
		{94CB9721-E82A-48CE-BFF3-2AE921AB13C2}.Debug|Any CPU.Build.0 = Debug|Any CPU
		{94CB9721-E82A-48CE-BFF3-2AE921AB13C2}.Release|Any CPU.ActiveCfg = Release|Any CPU
		{94CB9721-E82A-48CE-BFF3-2AE921AB13C2}.Release|Any CPU.Build.0 = Release|Any CPU
		{F29C45AD-6E9A-4CFD-A42B-D7D1C24926AD}.Debug|Any CPU.ActiveCfg = Debug|Any CPU
		{F29C45AD-6E9A-4CFD-A42B-D7D1C24926AD}.Debug|Any CPU.Build.0 = Debug|Any CPU
		{F29C45AD-6E9A-4CFD-A42B-D7D1C24926AD}.Release|Any CPU.ActiveCfg = Release|Any CPU
		{F29C45AD-6E9A-4CFD-A42B-D7D1C24926AD}.Release|Any CPU.Build.0 = Release|Any CPU
		{68C4A92B-EA52-42AB-AF85-78282531CE38}.Debug|Any CPU.ActiveCfg = Debug|Any CPU
		{68C4A92B-EA52-42AB-AF85-78282531CE38}.Debug|Any CPU.Build.0 = Debug|Any CPU
		{68C4A92B-EA52-42AB-AF85-78282531CE38}.Release|Any CPU.ActiveCfg = Release|Any CPU
		{68C4A92B-EA52-42AB-AF85-78282531CE38}.Release|Any CPU.Build.0 = Release|Any CPU
		{EF5BF62C-6C2D-4FCC-BD3C-0DBC5A42A4AD}.Debug|Any CPU.ActiveCfg = Debug|Any CPU
		{EF5BF62C-6C2D-4FCC-BD3C-0DBC5A42A4AD}.Debug|Any CPU.Build.0 = Debug|Any CPU
		{EF5BF62C-6C2D-4FCC-BD3C-0DBC5A42A4AD}.Release|Any CPU.ActiveCfg = Release|Any CPU
		{EF5BF62C-6C2D-4FCC-BD3C-0DBC5A42A4AD}.Release|Any CPU.Build.0 = Release|Any CPU
		{86DEA7D3-E3A7-4742-A58B-BC88CBEC0D6C}.Debug|Any CPU.ActiveCfg = Debug|Any CPU
		{86DEA7D3-E3A7-4742-A58B-BC88CBEC0D6C}.Debug|Any CPU.Build.0 = Debug|Any CPU
		{86DEA7D3-E3A7-4742-A58B-BC88CBEC0D6C}.Release|Any CPU.ActiveCfg = Release|Any CPU
		{86DEA7D3-E3A7-4742-A58B-BC88CBEC0D6C}.Release|Any CPU.Build.0 = Release|Any CPU
		{F349B1AD-8C42-4617-96E0-894E97894F89}.Debug|Any CPU.ActiveCfg = Debug|Any CPU
		{F349B1AD-8C42-4617-96E0-894E97894F89}.Debug|Any CPU.Build.0 = Debug|Any CPU
		{F349B1AD-8C42-4617-96E0-894E97894F89}.Release|Any CPU.ActiveCfg = Release|Any CPU
		{F349B1AD-8C42-4617-96E0-894E97894F89}.Release|Any CPU.Build.0 = Release|Any CPU
		{33537787-B717-439A-A6AB-99523ECA075F}.Debug|Any CPU.ActiveCfg = Debug|Any CPU
		{33537787-B717-439A-A6AB-99523ECA075F}.Debug|Any CPU.Build.0 = Debug|Any CPU
		{33537787-B717-439A-A6AB-99523ECA075F}.Release|Any CPU.ActiveCfg = Release|Any CPU
		{33537787-B717-439A-A6AB-99523ECA075F}.Release|Any CPU.Build.0 = Release|Any CPU
		{DD983B34-D662-44DE-92C3-EC0263C6F963}.Debug|Any CPU.ActiveCfg = Debug|Any CPU
		{DD983B34-D662-44DE-92C3-EC0263C6F963}.Debug|Any CPU.Build.0 = Debug|Any CPU
		{DD983B34-D662-44DE-92C3-EC0263C6F963}.Release|Any CPU.ActiveCfg = Release|Any CPU
		{DD983B34-D662-44DE-92C3-EC0263C6F963}.Release|Any CPU.Build.0 = Release|Any CPU
		{B8CAEB7D-0DF9-4E59-85AC-25D362AF093A}.Debug|Any CPU.ActiveCfg = Debug|Any CPU
		{B8CAEB7D-0DF9-4E59-85AC-25D362AF093A}.Debug|Any CPU.Build.0 = Debug|Any CPU
		{B8CAEB7D-0DF9-4E59-85AC-25D362AF093A}.Release|Any CPU.ActiveCfg = Release|Any CPU
		{B8CAEB7D-0DF9-4E59-85AC-25D362AF093A}.Release|Any CPU.Build.0 = Release|Any CPU
		{A1158227-F214-42F5-9CC2-429D2FBC72A6}.Debug|Any CPU.ActiveCfg = Debug|Any CPU
		{A1158227-F214-42F5-9CC2-429D2FBC72A6}.Debug|Any CPU.Build.0 = Debug|Any CPU
		{A1158227-F214-42F5-9CC2-429D2FBC72A6}.Release|Any CPU.ActiveCfg = Release|Any CPU
		{A1158227-F214-42F5-9CC2-429D2FBC72A6}.Release|Any CPU.Build.0 = Release|Any CPU
		{A1AE3CD4-94A6-4D0D-A7E6-C2477C9B677A}.Debug|Any CPU.ActiveCfg = Debug|Any CPU
		{A1AE3CD4-94A6-4D0D-A7E6-C2477C9B677A}.Debug|Any CPU.Build.0 = Debug|Any CPU
		{A1AE3CD4-94A6-4D0D-A7E6-C2477C9B677A}.Release|Any CPU.ActiveCfg = Release|Any CPU
		{A1AE3CD4-94A6-4D0D-A7E6-C2477C9B677A}.Release|Any CPU.Build.0 = Release|Any CPU
		{F14A5C41-FEE1-48A6-8F67-9E42C632002D}.Debug|Any CPU.ActiveCfg = Debug|Any CPU
		{F14A5C41-FEE1-48A6-8F67-9E42C632002D}.Debug|Any CPU.Build.0 = Debug|Any CPU
		{F14A5C41-FEE1-48A6-8F67-9E42C632002D}.Release|Any CPU.ActiveCfg = Release|Any CPU
		{F14A5C41-FEE1-48A6-8F67-9E42C632002D}.Release|Any CPU.Build.0 = Release|Any CPU
		{E37B030D-D786-45EE-BFB9-7C636A87747B}.Debug|Any CPU.ActiveCfg = Debug|Any CPU
		{E37B030D-D786-45EE-BFB9-7C636A87747B}.Debug|Any CPU.Build.0 = Debug|Any CPU
		{E37B030D-D786-45EE-BFB9-7C636A87747B}.Release|Any CPU.ActiveCfg = Release|Any CPU
		{E37B030D-D786-45EE-BFB9-7C636A87747B}.Release|Any CPU.Build.0 = Release|Any CPU
		{26458630-7289-40CD-8357-11DE7C6337D4}.Debug|Any CPU.ActiveCfg = Debug|Any CPU
		{26458630-7289-40CD-8357-11DE7C6337D4}.Debug|Any CPU.Build.0 = Debug|Any CPU
		{26458630-7289-40CD-8357-11DE7C6337D4}.Release|Any CPU.ActiveCfg = Release|Any CPU
		{26458630-7289-40CD-8357-11DE7C6337D4}.Release|Any CPU.Build.0 = Release|Any CPU
		{4C2B4F92-D147-4067-8C09-1A569C15C9A4}.Debug|Any CPU.ActiveCfg = Debug|Any CPU
		{4C2B4F92-D147-4067-8C09-1A569C15C9A4}.Debug|Any CPU.Build.0 = Debug|Any CPU
		{4C2B4F92-D147-4067-8C09-1A569C15C9A4}.Release|Any CPU.ActiveCfg = Release|Any CPU
		{4C2B4F92-D147-4067-8C09-1A569C15C9A4}.Release|Any CPU.Build.0 = Release|Any CPU
		{7A91ABF7-AC2C-4248-9087-27F472FFEF0E}.Debug|Any CPU.ActiveCfg = Debug|Any CPU
		{7A91ABF7-AC2C-4248-9087-27F472FFEF0E}.Debug|Any CPU.Build.0 = Debug|Any CPU
		{7A91ABF7-AC2C-4248-9087-27F472FFEF0E}.Release|Any CPU.ActiveCfg = Release|Any CPU
		{7A91ABF7-AC2C-4248-9087-27F472FFEF0E}.Release|Any CPU.Build.0 = Release|Any CPU
		{E8EC2C43-CC40-463C-91C4-88996400B5B7}.Debug|Any CPU.ActiveCfg = Debug|Any CPU
		{E8EC2C43-CC40-463C-91C4-88996400B5B7}.Debug|Any CPU.Build.0 = Debug|Any CPU
		{E8EC2C43-CC40-463C-91C4-88996400B5B7}.Release|Any CPU.ActiveCfg = Release|Any CPU
		{E8EC2C43-CC40-463C-91C4-88996400B5B7}.Release|Any CPU.Build.0 = Release|Any CPU
		{4AFF56DC-DC5D-4532-9C01-36B792FC53C6}.Debug|Any CPU.ActiveCfg = Debug|Any CPU
		{4AFF56DC-DC5D-4532-9C01-36B792FC53C6}.Debug|Any CPU.Build.0 = Debug|Any CPU
		{4AFF56DC-DC5D-4532-9C01-36B792FC53C6}.Release|Any CPU.ActiveCfg = Release|Any CPU
		{4AFF56DC-DC5D-4532-9C01-36B792FC53C6}.Release|Any CPU.Build.0 = Release|Any CPU
	EndGlobalSection
	GlobalSection(SolutionProperties) = preSolution
		HideSolutionNode = FALSE
	EndGlobalSection
	GlobalSection(ExtensibilityGlobals) = postSolution
		SolutionGuid = {FA9033D7-872A-433D-8692-6986F013D74E}
	EndGlobalSection
EndGlobal
